
Microsoft Visual Studio Solution File, Format Version 12.00
# Visual Studio 15
VisualStudioVersion = 15.0.27428.2015
MinimumVisualStudioVersion = 10.0.40219.1
Project("{FAE04EC0-301F-11D3-BF4B-00C04F79EFBC}") = "CheckConn.Android", "CheckConn\CheckConn.Android\CheckConn.Android.csproj", "{A53B1EB5-46AC-4853-9FD5-B077A2AED557}"
EndProject
Project("{FAE04EC0-301F-11D3-BF4B-00C04F79EFBC}") = "CheckConn.iOS", "CheckConn\CheckConn.iOS\CheckConn.iOS.csproj", "{5337FE87-5872-4A12-A779-7997A024AC2D}"
EndProject
Project("{FAE04EC0-301F-11D3-BF4B-00C04F79EFBC}") = "CheckConn.UWP", "CheckConn\CheckConn.UWP\CheckConn.UWP.csproj", "{C51313A2-7ECD-4AF7-9803-1A4C177DF7BA}"
EndProject
Project("{FAE04EC0-301F-11D3-BF4B-00C04F79EFBC}") = "CheckConn", "CheckConn\CheckConn\CheckConn.csproj", "{1F624FD8-241F-4E79-B40A-CC11AB11B47A}"
EndProject
Global
	GlobalSection(SolutionConfigurationPlatforms) = preSolution
		Ad-Hoc|Any CPU = Ad-Hoc|Any CPU
		Ad-Hoc|ARM = Ad-Hoc|ARM
		Ad-Hoc|iPhone = Ad-Hoc|iPhone
		Ad-Hoc|iPhoneSimulator = Ad-Hoc|iPhoneSimulator
		Ad-Hoc|x64 = Ad-Hoc|x64
		Ad-Hoc|x86 = Ad-Hoc|x86
		AppStore|Any CPU = AppStore|Any CPU
		AppStore|ARM = AppStore|ARM
		AppStore|iPhone = AppStore|iPhone
		AppStore|iPhoneSimulator = AppStore|iPhoneSimulator
		AppStore|x64 = AppStore|x64
		AppStore|x86 = AppStore|x86
		Debug|Any CPU = Debug|Any CPU
		Debug|ARM = Debug|ARM
		Debug|iPhone = Debug|iPhone
		Debug|iPhoneSimulator = Debug|iPhoneSimulator
		Debug|x64 = Debug|x64
		Debug|x86 = Debug|x86
		Release|Any CPU = Release|Any CPU
		Release|ARM = Release|ARM
		Release|iPhone = Release|iPhone
		Release|iPhoneSimulator = Release|iPhoneSimulator
		Release|x64 = Release|x64
		Release|x86 = Release|x86
	EndGlobalSection
	GlobalSection(ProjectConfigurationPlatforms) = postSolution
		{A53B1EB5-46AC-4853-9FD5-B077A2AED557}.Ad-Hoc|Any CPU.ActiveCfg = Release|Any CPU
		{A53B1EB5-46AC-4853-9FD5-B077A2AED557}.Ad-Hoc|Any CPU.Build.0 = Release|Any CPU
		{A53B1EB5-46AC-4853-9FD5-B077A2AED557}.Ad-Hoc|Any CPU.Deploy.0 = Release|Any CPU
		{A53B1EB5-46AC-4853-9FD5-B077A2AED557}.Ad-Hoc|ARM.ActiveCfg = Release|Any CPU
		{A53B1EB5-46AC-4853-9FD5-B077A2AED557}.Ad-Hoc|ARM.Build.0 = Release|Any CPU
		{A53B1EB5-46AC-4853-9FD5-B077A2AED557}.Ad-Hoc|ARM.Deploy.0 = Release|Any CPU
		{A53B1EB5-46AC-4853-9FD5-B077A2AED557}.Ad-Hoc|iPhone.ActiveCfg = Release|Any CPU
		{A53B1EB5-46AC-4853-9FD5-B077A2AED557}.Ad-Hoc|iPhone.Build.0 = Release|Any CPU
		{A53B1EB5-46AC-4853-9FD5-B077A2AED557}.Ad-Hoc|iPhone.Deploy.0 = Release|Any CPU
		{A53B1EB5-46AC-4853-9FD5-B077A2AED557}.Ad-Hoc|iPhoneSimulator.ActiveCfg = Release|Any CPU
		{A53B1EB5-46AC-4853-9FD5-B077A2AED557}.Ad-Hoc|iPhoneSimulator.Build.0 = Release|Any CPU
		{A53B1EB5-46AC-4853-9FD5-B077A2AED557}.Ad-Hoc|iPhoneSimulator.Deploy.0 = Release|Any CPU
		{A53B1EB5-46AC-4853-9FD5-B077A2AED557}.Ad-Hoc|x64.ActiveCfg = Release|Any CPU
		{A53B1EB5-46AC-4853-9FD5-B077A2AED557}.Ad-Hoc|x64.Build.0 = Release|Any CPU
		{A53B1EB5-46AC-4853-9FD5-B077A2AED557}.Ad-Hoc|x64.Deploy.0 = Release|Any CPU
		{A53B1EB5-46AC-4853-9FD5-B077A2AED557}.Ad-Hoc|x86.ActiveCfg = Release|Any CPU
		{A53B1EB5-46AC-4853-9FD5-B077A2AED557}.Ad-Hoc|x86.Build.0 = Release|Any CPU
		{A53B1EB5-46AC-4853-9FD5-B077A2AED557}.Ad-Hoc|x86.Deploy.0 = Release|Any CPU
		{A53B1EB5-46AC-4853-9FD5-B077A2AED557}.AppStore|Any CPU.ActiveCfg = Release|Any CPU
		{A53B1EB5-46AC-4853-9FD5-B077A2AED557}.AppStore|Any CPU.Build.0 = Release|Any CPU
		{A53B1EB5-46AC-4853-9FD5-B077A2AED557}.AppStore|Any CPU.Deploy.0 = Release|Any CPU
		{A53B1EB5-46AC-4853-9FD5-B077A2AED557}.AppStore|ARM.ActiveCfg = Release|Any CPU
		{A53B1EB5-46AC-4853-9FD5-B077A2AED557}.AppStore|ARM.Build.0 = Release|Any CPU
		{A53B1EB5-46AC-4853-9FD5-B077A2AED557}.AppStore|ARM.Deploy.0 = Release|Any CPU
		{A53B1EB5-46AC-4853-9FD5-B077A2AED557}.AppStore|iPhone.ActiveCfg = Release|Any CPU
		{A53B1EB5-46AC-4853-9FD5-B077A2AED557}.AppStore|iPhone.Build.0 = Release|Any CPU
		{A53B1EB5-46AC-4853-9FD5-B077A2AED557}.AppStore|iPhone.Deploy.0 = Release|Any CPU
		{A53B1EB5-46AC-4853-9FD5-B077A2AED557}.AppStore|iPhoneSimulator.ActiveCfg = Release|Any CPU
		{A53B1EB5-46AC-4853-9FD5-B077A2AED557}.AppStore|iPhoneSimulator.Build.0 = Release|Any CPU
		{A53B1EB5-46AC-4853-9FD5-B077A2AED557}.AppStore|iPhoneSimulator.Deploy.0 = Release|Any CPU
		{A53B1EB5-46AC-4853-9FD5-B077A2AED557}.AppStore|x64.ActiveCfg = Release|Any CPU
		{A53B1EB5-46AC-4853-9FD5-B077A2AED557}.AppStore|x64.Build.0 = Release|Any CPU
		{A53B1EB5-46AC-4853-9FD5-B077A2AED557}.AppStore|x64.Deploy.0 = Release|Any CPU
		{A53B1EB5-46AC-4853-9FD5-B077A2AED557}.AppStore|x86.ActiveCfg = Release|Any CPU
		{A53B1EB5-46AC-4853-9FD5-B077A2AED557}.AppStore|x86.Build.0 = Release|Any CPU
		{A53B1EB5-46AC-4853-9FD5-B077A2AED557}.AppStore|x86.Deploy.0 = Release|Any CPU
		{A53B1EB5-46AC-4853-9FD5-B077A2AED557}.Debug|Any CPU.ActiveCfg = Debug|Any CPU
		{A53B1EB5-46AC-4853-9FD5-B077A2AED557}.Debug|Any CPU.Build.0 = Debug|Any CPU
		{A53B1EB5-46AC-4853-9FD5-B077A2AED557}.Debug|Any CPU.Deploy.0 = Debug|Any CPU
		{A53B1EB5-46AC-4853-9FD5-B077A2AED557}.Debug|ARM.ActiveCfg = Debug|Any CPU
		{A53B1EB5-46AC-4853-9FD5-B077A2AED557}.Debug|ARM.Build.0 = Debug|Any CPU
		{A53B1EB5-46AC-4853-9FD5-B077A2AED557}.Debug|ARM.Deploy.0 = Debug|Any CPU
		{A53B1EB5-46AC-4853-9FD5-B077A2AED557}.Debug|iPhone.ActiveCfg = Debug|Any CPU
		{A53B1EB5-46AC-4853-9FD5-B077A2AED557}.Debug|iPhoneSimulator.ActiveCfg = Debug|Any CPU
		{A53B1EB5-46AC-4853-9FD5-B077A2AED557}.Debug|iPhoneSimulator.Build.0 = Debug|Any CPU
		{A53B1EB5-46AC-4853-9FD5-B077A2AED557}.Debug|iPhoneSimulator.Deploy.0 = Debug|Any CPU
		{A53B1EB5-46AC-4853-9FD5-B077A2AED557}.Debug|x64.ActiveCfg = Debug|Any CPU
		{A53B1EB5-46AC-4853-9FD5-B077A2AED557}.Debug|x64.Build.0 = Debug|Any CPU
		{A53B1EB5-46AC-4853-9FD5-B077A2AED557}.Debug|x64.Deploy.0 = Debug|Any CPU
		{A53B1EB5-46AC-4853-9FD5-B077A2AED557}.Debug|x86.ActiveCfg = Debug|Any CPU
		{A53B1EB5-46AC-4853-9FD5-B077A2AED557}.Release|Any CPU.ActiveCfg = Release|Any CPU
		{A53B1EB5-46AC-4853-9FD5-B077A2AED557}.Release|Any CPU.Build.0 = Release|Any CPU
		{A53B1EB5-46AC-4853-9FD5-B077A2AED557}.Release|Any CPU.Deploy.0 = Release|Any CPU
		{A53B1EB5-46AC-4853-9FD5-B077A2AED557}.Release|ARM.ActiveCfg = Release|Any CPU
		{A53B1EB5-46AC-4853-9FD5-B077A2AED557}.Release|ARM.Build.0 = Release|Any CPU
		{A53B1EB5-46AC-4853-9FD5-B077A2AED557}.Release|ARM.Deploy.0 = Release|Any CPU
		{A53B1EB5-46AC-4853-9FD5-B077A2AED557}.Release|iPhone.ActiveCfg = Release|Any CPU
		{A53B1EB5-46AC-4853-9FD5-B077A2AED557}.Release|iPhone.Build.0 = Release|Any CPU
		{A53B1EB5-46AC-4853-9FD5-B077A2AED557}.Release|iPhone.Deploy.0 = Release|Any CPU
		{A53B1EB5-46AC-4853-9FD5-B077A2AED557}.Release|iPhoneSimulator.ActiveCfg = Release|Any CPU
		{A53B1EB5-46AC-4853-9FD5-B077A2AED557}.Release|iPhoneSimulator.Build.0 = Release|Any CPU
		{A53B1EB5-46AC-4853-9FD5-B077A2AED557}.Release|iPhoneSimulator.Deploy.0 = Release|Any CPU
		{A53B1EB5-46AC-4853-9FD5-B077A2AED557}.Release|x64.ActiveCfg = Release|Any CPU
		{A53B1EB5-46AC-4853-9FD5-B077A2AED557}.Release|x64.Build.0 = Release|Any CPU
		{A53B1EB5-46AC-4853-9FD5-B077A2AED557}.Release|x64.Deploy.0 = Release|Any CPU
		{A53B1EB5-46AC-4853-9FD5-B077A2AED557}.Release|x86.ActiveCfg = Release|Any CPU
		{A53B1EB5-46AC-4853-9FD5-B077A2AED557}.Release|x86.Build.0 = Release|Any CPU
		{A53B1EB5-46AC-4853-9FD5-B077A2AED557}.Release|x86.Deploy.0 = Release|Any CPU
		{5337FE87-5872-4A12-A779-7997A024AC2D}.Ad-Hoc|Any CPU.ActiveCfg = Ad-Hoc|iPhone
		{5337FE87-5872-4A12-A779-7997A024AC2D}.Ad-Hoc|ARM.ActiveCfg = Ad-Hoc|iPhone
		{5337FE87-5872-4A12-A779-7997A024AC2D}.Ad-Hoc|iPhone.ActiveCfg = Ad-Hoc|iPhone
		{5337FE87-5872-4A12-A779-7997A024AC2D}.Ad-Hoc|iPhone.Build.0 = Ad-Hoc|iPhone
		{5337FE87-5872-4A12-A779-7997A024AC2D}.Ad-Hoc|iPhoneSimulator.ActiveCfg = Ad-Hoc|iPhoneSimulator
		{5337FE87-5872-4A12-A779-7997A024AC2D}.Ad-Hoc|iPhoneSimulator.Build.0 = Ad-Hoc|iPhoneSimulator
		{5337FE87-5872-4A12-A779-7997A024AC2D}.Ad-Hoc|x64.ActiveCfg = Ad-Hoc|iPhone
		{5337FE87-5872-4A12-A779-7997A024AC2D}.Ad-Hoc|x86.ActiveCfg = Ad-Hoc|iPhone
		{5337FE87-5872-4A12-A779-7997A024AC2D}.AppStore|Any CPU.ActiveCfg = AppStore|iPhone
		{5337FE87-5872-4A12-A779-7997A024AC2D}.AppStore|ARM.ActiveCfg = AppStore|iPhone
		{5337FE87-5872-4A12-A779-7997A024AC2D}.AppStore|iPhone.ActiveCfg = AppStore|iPhone
		{5337FE87-5872-4A12-A779-7997A024AC2D}.AppStore|iPhone.Build.0 = AppStore|iPhone
		{5337FE87-5872-4A12-A779-7997A024AC2D}.AppStore|iPhoneSimulator.ActiveCfg = AppStore|iPhoneSimulator
		{5337FE87-5872-4A12-A779-7997A024AC2D}.AppStore|iPhoneSimulator.Build.0 = AppStore|iPhoneSimulator
		{5337FE87-5872-4A12-A779-7997A024AC2D}.AppStore|x64.ActiveCfg = AppStore|iPhone
		{5337FE87-5872-4A12-A779-7997A024AC2D}.AppStore|x86.ActiveCfg = AppStore|iPhone
		{5337FE87-5872-4A12-A779-7997A024AC2D}.Debug|Any CPU.ActiveCfg = Debug|iPhone
		{5337FE87-5872-4A12-A779-7997A024AC2D}.Debug|ARM.ActiveCfg = Debug|iPhone
		{5337FE87-5872-4A12-A779-7997A024AC2D}.Debug|iPhone.ActiveCfg = Debug|iPhone
		{5337FE87-5872-4A12-A779-7997A024AC2D}.Debug|iPhone.Build.0 = Debug|iPhone
		{5337FE87-5872-4A12-A779-7997A024AC2D}.Debug|iPhoneSimulator.ActiveCfg = Debug|iPhoneSimulator
		{5337FE87-5872-4A12-A779-7997A024AC2D}.Debug|iPhoneSimulator.Build.0 = Debug|iPhoneSimulator
		{5337FE87-5872-4A12-A779-7997A024AC2D}.Debug|x64.ActiveCfg = Debug|iPhone
		{5337FE87-5872-4A12-A779-7997A024AC2D}.Debug|x86.ActiveCfg = Debug|iPhone
		{5337FE87-5872-4A12-A779-7997A024AC2D}.Release|Any CPU.ActiveCfg = Release|iPhone
		{5337FE87-5872-4A12-A779-7997A024AC2D}.Release|ARM.ActiveCfg = Release|iPhone
		{5337FE87-5872-4A12-A779-7997A024AC2D}.Release|iPhone.ActiveCfg = Release|iPhone
		{5337FE87-5872-4A12-A779-7997A024AC2D}.Release|iPhone.Build.0 = Release|iPhone
		{5337FE87-5872-4A12-A779-7997A024AC2D}.Release|iPhoneSimulator.ActiveCfg = Release|iPhoneSimulator
		{5337FE87-5872-4A12-A779-7997A024AC2D}.Release|iPhoneSimulator.Build.0 = Release|iPhoneSimulator
		{5337FE87-5872-4A12-A779-7997A024AC2D}.Release|x64.ActiveCfg = Release|iPhone
		{5337FE87-5872-4A12-A779-7997A024AC2D}.Release|x86.ActiveCfg = Release|iPhone
		{C51313A2-7ECD-4AF7-9803-1A4C177DF7BA}.Ad-Hoc|Any CPU.ActiveCfg = Release|x86
		{C51313A2-7ECD-4AF7-9803-1A4C177DF7BA}.Ad-Hoc|Any CPU.Build.0 = Release|x86
		{C51313A2-7ECD-4AF7-9803-1A4C177DF7BA}.Ad-Hoc|Any CPU.Deploy.0 = Release|x86
		{C51313A2-7ECD-4AF7-9803-1A4C177DF7BA}.Ad-Hoc|ARM.ActiveCfg = Release|ARM
		{C51313A2-7ECD-4AF7-9803-1A4C177DF7BA}.Ad-Hoc|ARM.Build.0 = Release|ARM
		{C51313A2-7ECD-4AF7-9803-1A4C177DF7BA}.Ad-Hoc|ARM.Deploy.0 = Release|ARM
		{C51313A2-7ECD-4AF7-9803-1A4C177DF7BA}.Ad-Hoc|iPhone.ActiveCfg = Release|x86
		{C51313A2-7ECD-4AF7-9803-1A4C177DF7BA}.Ad-Hoc|iPhone.Build.0 = Release|x86
		{C51313A2-7ECD-4AF7-9803-1A4C177DF7BA}.Ad-Hoc|iPhone.Deploy.0 = Release|x86
		{C51313A2-7ECD-4AF7-9803-1A4C177DF7BA}.Ad-Hoc|iPhoneSimulator.ActiveCfg = Release|x86
		{C51313A2-7ECD-4AF7-9803-1A4C177DF7BA}.Ad-Hoc|iPhoneSimulator.Build.0 = Release|x86
		{C51313A2-7ECD-4AF7-9803-1A4C177DF7BA}.Ad-Hoc|iPhoneSimulator.Deploy.0 = Release|x86
		{C51313A2-7ECD-4AF7-9803-1A4C177DF7BA}.Ad-Hoc|x64.ActiveCfg = Release|x64
		{C51313A2-7ECD-4AF7-9803-1A4C177DF7BA}.Ad-Hoc|x64.Build.0 = Release|x64
		{C51313A2-7ECD-4AF7-9803-1A4C177DF7BA}.Ad-Hoc|x64.Deploy.0 = Release|x64
		{C51313A2-7ECD-4AF7-9803-1A4C177DF7BA}.Ad-Hoc|x86.ActiveCfg = Release|x86
		{C51313A2-7ECD-4AF7-9803-1A4C177DF7BA}.Ad-Hoc|x86.Build.0 = Release|x86
		{C51313A2-7ECD-4AF7-9803-1A4C177DF7BA}.Ad-Hoc|x86.Deploy.0 = Release|x86
		{C51313A2-7ECD-4AF7-9803-1A4C177DF7BA}.AppStore|Any CPU.ActiveCfg = Release|x86
		{C51313A2-7ECD-4AF7-9803-1A4C177DF7BA}.AppStore|Any CPU.Build.0 = Release|x86
		{C51313A2-7ECD-4AF7-9803-1A4C177DF7BA}.AppStore|Any CPU.Deploy.0 = Release|x86
		{C51313A2-7ECD-4AF7-9803-1A4C177DF7BA}.AppStore|ARM.ActiveCfg = Release|ARM
		{C51313A2-7ECD-4AF7-9803-1A4C177DF7BA}.AppStore|ARM.Build.0 = Release|ARM
		{C51313A2-7ECD-4AF7-9803-1A4C177DF7BA}.AppStore|ARM.Deploy.0 = Release|ARM
		{C51313A2-7ECD-4AF7-9803-1A4C177DF7BA}.AppStore|iPhone.ActiveCfg = Release|x86
		{C51313A2-7ECD-4AF7-9803-1A4C177DF7BA}.AppStore|iPhone.Build.0 = Release|x86
		{C51313A2-7ECD-4AF7-9803-1A4C177DF7BA}.AppStore|iPhone.Deploy.0 = Release|x86
		{C51313A2-7ECD-4AF7-9803-1A4C177DF7BA}.AppStore|iPhoneSimulator.ActiveCfg = Release|x86
		{C51313A2-7ECD-4AF7-9803-1A4C177DF7BA}.AppStore|iPhoneSimulator.Build.0 = Release|x86
		{C51313A2-7ECD-4AF7-9803-1A4C177DF7BA}.AppStore|iPhoneSimulator.Deploy.0 = Release|x86
		{C51313A2-7ECD-4AF7-9803-1A4C177DF7BA}.AppStore|x64.ActiveCfg = Release|x64
		{C51313A2-7ECD-4AF7-9803-1A4C177DF7BA}.AppStore|x64.Build.0 = Release|x64
		{C51313A2-7ECD-4AF7-9803-1A4C177DF7BA}.AppStore|x64.Deploy.0 = Release|x64
		{C51313A2-7ECD-4AF7-9803-1A4C177DF7BA}.AppStore|x86.ActiveCfg = Release|x86
		{C51313A2-7ECD-4AF7-9803-1A4C177DF7BA}.AppStore|x86.Build.0 = Release|x86
		{C51313A2-7ECD-4AF7-9803-1A4C177DF7BA}.AppStore|x86.Deploy.0 = Release|x86
		{C51313A2-7ECD-4AF7-9803-1A4C177DF7BA}.Debug|Any CPU.ActiveCfg = Debug|x86
		{C51313A2-7ECD-4AF7-9803-1A4C177DF7BA}.Debug|ARM.ActiveCfg = Debug|ARM
		{C51313A2-7ECD-4AF7-9803-1A4C177DF7BA}.Debug|ARM.Build.0 = Debug|ARM
		{C51313A2-7ECD-4AF7-9803-1A4C177DF7BA}.Debug|ARM.Deploy.0 = Debug|ARM
		{C51313A2-7ECD-4AF7-9803-1A4C177DF7BA}.Debug|iPhone.ActiveCfg = Debug|x86
		{C51313A2-7ECD-4AF7-9803-1A4C177DF7BA}.Debug|iPhoneSimulator.ActiveCfg = Debug|x86
		{C51313A2-7ECD-4AF7-9803-1A4C177DF7BA}.Debug|x64.ActiveCfg = Debug|x64
		{C51313A2-7ECD-4AF7-9803-1A4C177DF7BA}.Debug|x64.Build.0 = Debug|x64
		{C51313A2-7ECD-4AF7-9803-1A4C177DF7BA}.Debug|x64.Deploy.0 = Debug|x64
		{C51313A2-7ECD-4AF7-9803-1A4C177DF7BA}.Debug|x86.ActiveCfg = Debug|x86
		{C51313A2-7ECD-4AF7-9803-1A4C177DF7BA}.Debug|x86.Build.0 = Debug|x86
		{C51313A2-7ECD-4AF7-9803-1A4C177DF7BA}.Debug|x86.Deploy.0 = Debug|x86
		{C51313A2-7ECD-4AF7-9803-1A4C177DF7BA}.Release|Any CPU.ActiveCfg = Release|x86
		{C51313A2-7ECD-4AF7-9803-1A4C177DF7BA}.Release|ARM.ActiveCfg = Release|ARM
		{C51313A2-7ECD-4AF7-9803-1A4C177DF7BA}.Release|ARM.Build.0 = Release|ARM
		{C51313A2-7ECD-4AF7-9803-1A4C177DF7BA}.Release|ARM.Deploy.0 = Release|ARM
		{C51313A2-7ECD-4AF7-9803-1A4C177DF7BA}.Release|iPhone.ActiveCfg = Release|x86
		{C51313A2-7ECD-4AF7-9803-1A4C177DF7BA}.Release|iPhoneSimulator.ActiveCfg = Release|x86
		{C51313A2-7ECD-4AF7-9803-1A4C177DF7BA}.Release|x64.ActiveCfg = Release|x64
		{C51313A2-7ECD-4AF7-9803-1A4C177DF7BA}.Release|x64.Build.0 = Release|x64
		{C51313A2-7ECD-4AF7-9803-1A4C177DF7BA}.Release|x64.Deploy.0 = Release|x64
		{C51313A2-7ECD-4AF7-9803-1A4C177DF7BA}.Release|x86.ActiveCfg = Release|x86
		{C51313A2-7ECD-4AF7-9803-1A4C177DF7BA}.Release|x86.Build.0 = Release|x86
		{C51313A2-7ECD-4AF7-9803-1A4C177DF7BA}.Release|x86.Deploy.0 = Release|x86
		{1F624FD8-241F-4E79-B40A-CC11AB11B47A}.Ad-Hoc|Any CPU.ActiveCfg = Debug|Any CPU
		{1F624FD8-241F-4E79-B40A-CC11AB11B47A}.Ad-Hoc|Any CPU.Build.0 = Debug|Any CPU
		{1F624FD8-241F-4E79-B40A-CC11AB11B47A}.Ad-Hoc|ARM.ActiveCfg = Debug|Any CPU
		{1F624FD8-241F-4E79-B40A-CC11AB11B47A}.Ad-Hoc|ARM.Build.0 = Debug|Any CPU
		{1F624FD8-241F-4E79-B40A-CC11AB11B47A}.Ad-Hoc|iPhone.ActiveCfg = Debug|Any CPU
		{1F624FD8-241F-4E79-B40A-CC11AB11B47A}.Ad-Hoc|iPhone.Build.0 = Debug|Any CPU
		{1F624FD8-241F-4E79-B40A-CC11AB11B47A}.Ad-Hoc|iPhoneSimulator.ActiveCfg = Debug|Any CPU
		{1F624FD8-241F-4E79-B40A-CC11AB11B47A}.Ad-Hoc|iPhoneSimulator.Build.0 = Debug|Any CPU
		{1F624FD8-241F-4E79-B40A-CC11AB11B47A}.Ad-Hoc|x64.ActiveCfg = Debug|Any CPU
		{1F624FD8-241F-4E79-B40A-CC11AB11B47A}.Ad-Hoc|x64.Build.0 = Debug|Any CPU
		{1F624FD8-241F-4E79-B40A-CC11AB11B47A}.Ad-Hoc|x86.ActiveCfg = Debug|Any CPU
		{1F624FD8-241F-4E79-B40A-CC11AB11B47A}.Ad-Hoc|x86.Build.0 = Debug|Any CPU
		{1F624FD8-241F-4E79-B40A-CC11AB11B47A}.AppStore|Any CPU.ActiveCfg = Debug|Any CPU
		{1F624FD8-241F-4E79-B40A-CC11AB11B47A}.AppStore|Any CPU.Build.0 = Debug|Any CPU
		{1F624FD8-241F-4E79-B40A-CC11AB11B47A}.AppStore|ARM.ActiveCfg = Debug|Any CPU
		{1F624FD8-241F-4E79-B40A-CC11AB11B47A}.AppStore|ARM.Build.0 = Debug|Any CPU
		{1F624FD8-241F-4E79-B40A-CC11AB11B47A}.AppStore|iPhone.ActiveCfg = Debug|Any CPU
		{1F624FD8-241F-4E79-B40A-CC11AB11B47A}.AppStore|iPhone.Build.0 = Debug|Any CPU
		{1F624FD8-241F-4E79-B40A-CC11AB11B47A}.AppStore|iPhoneSimulator.ActiveCfg = Debug|Any CPU
		{1F624FD8-241F-4E79-B40A-CC11AB11B47A}.AppStore|iPhoneSimulator.Build.0 = Debug|Any CPU
		{1F624FD8-241F-4E79-B40A-CC11AB11B47A}.AppStore|x64.ActiveCfg = Debug|Any CPU
		{1F624FD8-241F-4E79-B40A-CC11AB11B47A}.AppStore|x64.Build.0 = Debug|Any CPU
		{1F624FD8-241F-4E79-B40A-CC11AB11B47A}.AppStore|x86.ActiveCfg = Debug|Any CPU
		{1F624FD8-241F-4E79-B40A-CC11AB11B47A}.AppStore|x86.Build.0 = Debug|Any CPU
		{1F624FD8-241F-4E79-B40A-CC11AB11B47A}.Debug|Any CPU.ActiveCfg = Debug|Any CPU
		{1F624FD8-241F-4E79-B40A-CC11AB11B47A}.Debug|Any CPU.Build.0 = Debug|Any CPU
		{1F624FD8-241F-4E79-B40A-CC11AB11B47A}.Debug|ARM.ActiveCfg = Debug|Any CPU
		{1F624FD8-241F-4E79-B40A-CC11AB11B47A}.Debug|ARM.Build.0 = Debug|Any CPU
		{1F624FD8-241F-4E79-B40A-CC11AB11B47A}.Debug|iPhone.ActiveCfg = Debug|Any CPU
		{1F624FD8-241F-4E79-B40A-CC11AB11B47A}.Debug|iPhone.Build.0 = Debug|Any CPU
		{1F624FD8-241F-4E79-B40A-CC11AB11B47A}.Debug|iPhoneSimulator.ActiveCfg = Debug|Any CPU
		{1F624FD8-241F-4E79-B40A-CC11AB11B47A}.Debug|iPhoneSimulator.Build.0 = Debug|Any CPU
		{1F624FD8-241F-4E79-B40A-CC11AB11B47A}.Debug|x64.ActiveCfg = Debug|Any CPU
		{1F624FD8-241F-4E79-B40A-CC11AB11B47A}.Debug|x64.Build.0 = Debug|Any CPU
		{1F624FD8-241F-4E79-B40A-CC11AB11B47A}.Debug|x86.ActiveCfg = Debug|Any CPU
		{1F624FD8-241F-4E79-B40A-CC11AB11B47A}.Debug|x86.Build.0 = Debug|Any CPU
		{1F624FD8-241F-4E79-B40A-CC11AB11B47A}.Release|Any CPU.ActiveCfg = Release|Any CPU
		{1F624FD8-241F-4E79-B40A-CC11AB11B47A}.Release|Any CPU.Build.0 = Release|Any CPU
		{1F624FD8-241F-4E79-B40A-CC11AB11B47A}.Release|ARM.ActiveCfg = Release|Any CPU
		{1F624FD8-241F-4E79-B40A-CC11AB11B47A}.Release|ARM.Build.0 = Release|Any CPU
		{1F624FD8-241F-4E79-B40A-CC11AB11B47A}.Release|iPhone.ActiveCfg = Release|Any CPU
		{1F624FD8-241F-4E79-B40A-CC11AB11B47A}.Release|iPhone.Build.0 = Release|Any CPU
		{1F624FD8-241F-4E79-B40A-CC11AB11B47A}.Release|iPhoneSimulator.ActiveCfg = Release|Any CPU
		{1F624FD8-241F-4E79-B40A-CC11AB11B47A}.Release|iPhoneSimulator.Build.0 = Release|Any CPU
		{1F624FD8-241F-4E79-B40A-CC11AB11B47A}.Release|x64.ActiveCfg = Release|Any CPU
		{1F624FD8-241F-4E79-B40A-CC11AB11B47A}.Release|x64.Build.0 = Release|Any CPU
		{1F624FD8-241F-4E79-B40A-CC11AB11B47A}.Release|x86.ActiveCfg = Release|Any CPU
		{1F624FD8-241F-4E79-B40A-CC11AB11B47A}.Release|x86.Build.0 = Release|Any CPU
	EndGlobalSection
	GlobalSection(SolutionProperties) = preSolution
		HideSolutionNode = FALSE
	EndGlobalSection
	GlobalSection(ExtensibilityGlobals) = postSolution
		SolutionGuid = {31E55FAB-EA3F-4DB4-85A1-F19B378DCCC6}
	EndGlobalSection
EndGlobal
